github.com/deckarep/golang-set/v2 v2.8.0 h1:swm0rlPCmdWn9mESxKOjWk8hXSqoxOp+ZlfuyaAdFlQ=
github.com/deckarep/golang-set/v2 v2.8.0/go.mod h1:VAky9rY/yGXJOLEDv3OMci+7wtDpOF4IN+y82NBOac4=
github.com/elaxer/chess v0.0.0-20250611142258-019384b57ee8 h1:3yeSySFwC0LUOxO3K0U5XAd47AtYXb0FiskS3Z3yG9E=
github.com/elaxer/chess v0.0.0-20250611142258-019384b57ee8/go.mod h1:RoYd6t7SsjKOrcp6zBhMp/540efKZ3jQrUpMvtEbwYc=
github.com/elaxer/rgx v0.0.0-20250611140943-48f730656186 h1:jn71rfQtSzK7VRrAcnw+WhJfX0xgNyvvYnXnap3OzSM=
github.com/elaxer/rgx v0.0.0-20250611140943-48f730656186/go.mod h1:0KnoxODrl3YpSdu9Oq3Szgdv3XAPAjmGdTNBbhLq7ck=
github.com/go-ozzo/ozzo-validation v3.6.0+incompatible h1:msy24VGS42fKO9K1vLz82/GeYW1cILu7Nuuj1N3BBkE=
github.com/go-ozzo/ozzo-validation v3.6.0+incompatible/go.mod h1:gsEKFIVnabGBt6mXmxK0MoFy+cZoTJY6mu5Ll3LVLBU=
