github.com/asaskevich/govalidator v0.0.0-20230301143203-a9d515a09cc2 h1:DklsrG3dyBCFEj5IhUbnKptjxatkF07cF2ak3yi77so=
github.com/asaskevich/govalidator v0.0.0-20230301143203-a9d515a09cc2/go.mod h1:WaHUgvxTVq04UNunO+XhnAqY/wQc+bxr74GqbsZ/Jqw=
github.com/davecgh/go-spew v1.1.1 h1:vj9j/u1bqnvCEfJOwUhtlOARqs3+rkHYY13jYWTU97c=
github.com/davecgh/go-spew v1.1.1/go.mod h1:J7Y8YcW2NihsgmVo/mv3lAwl/skON4iLHjSsI+c5H38=
github.com/deckarep/golang-set/v2 v2.8.0 h1:swm0rlPCmdWn9mESxKOjWk8hXSqoxOp+ZlfuyaAdFlQ=
github.com/deckarep/golang-set/v2 v2.8.0/go.mod h1:VAky9rY/yGXJOLEDv3OMci+7wtDpOF4IN+y82NBOac4=
github.com/elaxer/chess v0.1.0 h1:4IeND/1gPpIJ45rEZcl141Q8GPYf9l7LGSsYSz/BTZs=
github.com/elaxer/chess v0.1.0/go.mod h1:RoYd6t7SsjKOrcp6zBhMp/540efKZ3jQrUpMvtEbwYc=
github.com/elaxer/chess v0.1.1 h1:pjZVfsTUfP4itWzTlK5TNFyXNycFuLLFmGtjSwWRfW0=
github.com/elaxer/chess v0.1.1/go.mod h1:RoYd6t7SsjKOrcp6zBhMp/540efKZ3jQrUpMvtEbwYc=
github.com/elaxer/chess v0.2.0 h1:TtiDx62PqluG47/8Di/E5soS/7939ncPayADJ8ZXVTw=
github.com/elaxer/chess v0.2.0/go.mod h1:RoYd6t7SsjKOrcp6zBhMp/540efKZ3jQrUpMvtEbwYc=
github.com/elaxer/chess v1.0.0 h1:DLa9Qm+8xeooUQzdZVqp+usM6ngBFgYHQDuUaJckNmg=
github.com/elaxer/chess v1.0.0/go.mod h1:RoYd6t7SsjKOrcp6zBhMp/540efKZ3jQrUpMvtEbwYc=
github.com/elaxer/chess v1.0.1 h1:PzdGSf9Cm+PItmEh+ecvSrzUOBv6DzkNegWsQjbjHMY=
github.com/elaxer/chess v1.0.1/go.mod h1:RoYd6t7SsjKOrcp6zBhMp/540efKZ3jQrUpMvtEbwYc=
github.com/elaxer/chess v1.0.2 h1:rGPA+850lnQwtrKS9+p7s4kdBZKPRvu+zTTua8ZBID0=
github.com/elaxer/chess v1.0.2/go.mod h1:RoYd6t7SsjKOrcp6zBhMp/540efKZ3jQrUpMvtEbwYc=
github.com/elaxer/chess v1.0.3 h1:EMiVyoAcPL2O06iWrLFPmvyn7pitOWQpJQxn5v7ps/0=
github.com/elaxer/chess v1.0.3/go.mod h1:RoYd6t7SsjKOrcp6zBhMp/540efKZ3jQrUpMvtEbwYc=
github.com/elaxer/chess v1.0.4 h1:RlnFHgoRLhwIVPEE7jUFoTmoBz7uU4xdNm772xrT5vg=
github.com/elaxer/chess v1.0.4/go.mod h1:RoYd6t7SsjKOrcp6zBhMp/540efKZ3jQrUpMvtEbwYc=
github.com/elaxer/rgx v0.0.0-20250611140943-48f730656186 h1:jn71rfQtSzK7VRrAcnw+WhJfX0xgNyvvYnXnap3OzSM=
github.com/elaxer/rgx v0.0.0-20250611140943-48f730656186/go.mod h1:0KnoxODrl3YpSdu9Oq3Szgdv3XAPAjmGdTNBbhLq7ck=
github.com/go-ozzo/ozzo-validation v3.6.0+incompatible h1:msy24VGS42fKO9K1vLz82/GeYW1cILu7Nuuj1N3BBkE=
github.com/go-ozzo/ozzo-validation v3.6.0+incompatible/go.mod h1:gsEKFIVnabGBt6mXmxK0MoFy+cZoTJY6mu5Ll3LVLBU=
github.com/pmezard/go-difflib v1.0.0 h1:4DBwDE0NGyQoBHbLQYPwSUPoCMWR5BEzIk/f1lZbAQM=
github.com/pmezard/go-difflib v1.0.0/go.mod h1:iKH77koFhYxTK1pcRnkKkqfTogsbg7gZNVY4sRDYZ/4=
github.com/stretchr/testify v1.10.0 h1:Xv5erBjTwe/5IxqUQTdXv5kgmIvbHo3QQyRwhJsOfJA=
github.com/stretchr/testify v1.10.0/go.mod h1:r2ic/lqez/lEtzL7wO/rwa5dbSLXVDPFyf8C91i36aY=
gopkg.in/check.v1 v0.0.0-20161208181325-20d25e280405/go.mod h1:Co6ibVJAznAaIkqp8huTwlJQCZ016jof/cbN4VW5Yz0=
gopkg.in/yaml.v3 v3.0.1 h1:fxVm/GzAzEWqLHuvctI91KS9hhNmmWOoWu0XTYJS7CA=
gopkg.in/yaml.v3 v3.0.1/go.mod h1:K4uyk7z7BCEPqu6E+C64Yfv1cQ7kz7rIZviUmN+EgEM=
